
Microsoft Visual Studio Solution File, Format Version 12.00
# Visual Studio Version 17
VisualStudioVersion = 17.2.32630.192
MinimumVisualStudioVersion = 10.0.40219.1
Project("{FAE04EC0-301F-11D3-BF4B-00C04F79EFBC}") = "PracticaBatch0", "PracticaBatch0\PracticaBatch0.csproj", "{AEB2BE21-B745-43A7-B2BF-C8FD35B1F39E}"
EndProject
Global
	GlobalSection(SolutionConfigurationPlatforms) = preSolution
		Debug|Any CPU = Debug|Any CPU
		Release|Any CPU = Release|Any CPU
	EndGlobalSection
	GlobalSection(ProjectConfigurationPlatforms) = postSolution
		{AEB2BE21-B745-43A7-B2BF-C8FD35B1F39E}.Debug|Any CPU.ActiveCfg = Debug|Any CPU
		{AEB2BE21-B745-43A7-B2BF-C8FD35B1F39E}.Debug|Any CPU.Build.0 = Debug|Any CPU
		{AEB2BE21-B745-43A7-B2BF-C8FD35B1F39E}.Release|Any CPU.ActiveCfg = Release|Any CPU
		{AEB2BE21-B745-43A7-B2BF-C8FD35B1F39E}.Release|Any CPU.Build.0 = Release|Any CPU
	EndGlobalSection
	GlobalSection(SolutionProperties) = preSolution
		HideSolutionNode = FALSE
	EndGlobalSection
	GlobalSection(ExtensibilityGlobals) = postSolution
		SolutionGuid = {5855453A-AFB2-4C79-AF98-86CFF14359C7}
	EndGlobalSection
EndGlobal
